
Microsoft Visual Studio Solution File, Format Version 12.00
# Visual Studio Version 17
VisualStudioVersion = 17.0.32014.148
MinimumVisualStudioVersion = 10.0.40219.1
Project("{9A19103F-16F7-4668-BE54-9A1E7A4F7556}") = "WebAppForGuests", "WebAppForGuests\WebAppForGuests.csproj", "{5C9D6A98-BF72-4DB5-AE36-843967239540}"
EndProject
Project("{9A19103F-16F7-4668-BE54-9A1E7A4F7556}") = "DbContextProfi", "DbContextProfi\DbContextProfi.csproj", "{414C626D-8329-48E7-BD8A-A52B9201F337}"
EndProject
Project("{9A19103F-16F7-4668-BE54-9A1E7A4F7556}") = "WebAppForAdmins", "WebAppForAdmins\WebAppForAdmins.csproj", "{427012FD-55F8-492D-B6E2-87D2F3FE46D6}"
EndProject
Project("{9A19103F-16F7-4668-BE54-9A1E7A4F7556}") = "ConsoleAppCreateDbProfi", "ConsoleAppCreateDbProfi\ConsoleAppCreateDbProfi.csproj", "{C75D0D09-F3A8-4762-A150-0602E7A225F9}"
EndProject
Project("{9A19103F-16F7-4668-BE54-9A1E7A4F7556}") = "WpfAppForEmployees", "WpfAppForEmployees\WpfAppForEmployees.csproj", "{7AE3B991-3932-4C5F-828D-04E8ECDE8FF6}"
EndProject
Project("{9A19103F-16F7-4668-BE54-9A1E7A4F7556}") = "WebModels", "WebModels\WebModels.csproj", "{D37EB3D8-A1DF-44C9-BB28-C68751311AEA}"
EndProject
Project("{9A19103F-16F7-4668-BE54-9A1E7A4F7556}") = "WpfModels", "WpfModels\WpfModels.csproj", "{9765F675-1C7B-4C9E-946D-5F366B07B13B}"
EndProject
Project("{9A19103F-16F7-4668-BE54-9A1E7A4F7556}") = "DataModels", "DataModels\DataModels.csproj", "{CF20BED9-D206-4C5C-A473-93B26D6B9C3B}"
EndProject
Project("{9A19103F-16F7-4668-BE54-9A1E7A4F7556}") = "Entities", "Entities\Entities.csproj", "{295EEC5E-41C7-4C21-8B80-9A58D5F5FAD4}"
EndProject
Project("{9A19103F-16F7-4668-BE54-9A1E7A4F7556}") = "Enums", "Enums\Enums.csproj", "{0FEF86F7-AE2A-4EE2-96C6-2EB6F36717DA}"
EndProject
Project("{9A19103F-16F7-4668-BE54-9A1E7A4F7556}") = "WebServices", "WebServices\WebServices.csproj", "{5B44CFC2-6750-4EF6-A689-6F56A1508656}"
EndProject
Project("{9A19103F-16F7-4668-BE54-9A1E7A4F7556}") = "DbRepositories", "DbRepositories\DbRepositories.csproj", "{6DA1DADB-9284-46EA-9D80-9A4C121BD4E9}"
EndProject
Project("{9A19103F-16F7-4668-BE54-9A1E7A4F7556}") = "ApiRepositories", "ApiRepositories\ApiRepositories.csproj", "{8974F87B-A02F-4609-B499-ECF07FC28EFF}"
EndProject
Project("{9A19103F-16F7-4668-BE54-9A1E7A4F7556}") = "ApiServices", "ApiServices\ApiServices.csproj", "{43234AFC-6647-48A3-AE5D-3D75B958F8F5}"
EndProject
Project("{9A19103F-16F7-4668-BE54-9A1E7A4F7556}") = "DataModelsWebModelsConverters", "DataModelsWebModelsConverters\DataModelsWebModelsConverters.csproj", "{3AA3A844-9EC3-46A0-B714-50CCE85B313C}"
EndProject
Project("{9A19103F-16F7-4668-BE54-9A1E7A4F7556}") = "EntitiesDataModelsConverters", "EntitiesDataModelsConverters\EntitiesDataModelsConverters.csproj", "{1565F3CA-5C6B-49D1-8CE3-2C8F8C090C81}"
EndProject
Project("{9A19103F-16F7-4668-BE54-9A1E7A4F7556}") = "DataModelsWpfModelsConverters", "DataModelsWpfModelsConverters\DataModelsWpfModelsConverters.csproj", "{1224CB87-2EFE-438D-9622-BA06695F0748}"
EndProject
Project("{9A19103F-16F7-4668-BE54-9A1E7A4F7556}") = "CommonDataConverters", "CommonDataConverters\CommonDataConverters.csproj", "{F58F7CD2-23A6-42EE-B68C-99B2F5258617}"
EndProject
Project("{9A19103F-16F7-4668-BE54-9A1E7A4F7556}") = "WebDataConverters", "WebDataConverters\WebDataConverters.csproj", "{66EC408E-AB1D-4E25-AF80-51E0563E3AF0}"
EndProject
Project("{9A19103F-16F7-4668-BE54-9A1E7A4F7556}") = "WebAppDataApi", "WebAppDataApi\WebAppDataApi.csproj", "{D087DDC5-B937-42EB-8AB8-BC54229AF0F2}"
EndProject
Project("{9A19103F-16F7-4668-BE54-9A1E7A4F7556}") = "WebAppDataApi.Client", "WebAppDataApi.Client\WebAppDataApi.Client.csproj", "{650DC673-25ED-46E7-97DC-0774DDC10998}"
EndProject
Project("{9A19103F-16F7-4668-BE54-9A1E7A4F7556}") = "RepositoryInterfaces", "RepositoryInterfaces\RepositoryInterfaces.csproj", "{6547B4D8-1C12-47AB-99E1-E4D47572B295}"
EndProject
Project("{9A19103F-16F7-4668-BE54-9A1E7A4F7556}") = "ServiceInterfaces", "ServiceInterfaces\ServiceInterfaces.csproj", "{A952BB57-6500-4A84-BE9D-812A00C162B3}"
EndProject
Project("{FAE04EC0-301F-11D3-BF4B-00C04F79EFBC}") = "AppearanceDataServices", "AppearanceDataServices\AppearanceDataServices.csproj", "{DEAB5CD2-DEC2-4118-91E2-BC4B18DFAB3A}"
EndProject
Project("{FAE04EC0-301F-11D3-BF4B-00C04F79EFBC}") = "ContentDataServices", "ContentDataServices\ContentDataServices.csproj", "{2E51BDB4-761B-40C8-92C0-718E065A4AC8}"
EndProject
Project("{FAE04EC0-301F-11D3-BF4B-00C04F79EFBC}") = "DefaultDataServices", "DefaultDataServices\DefaultDataServices.csproj", "{DA0C0CAE-EF03-497E-94A2-1509C3CE5FF7}"
EndProject
Global
	GlobalSection(SolutionConfigurationPlatforms) = preSolution
		Debug|Any CPU = Debug|Any CPU
		Release|Any CPU = Release|Any CPU
	EndGlobalSection
	GlobalSection(ProjectConfigurationPlatforms) = postSolution
		{5C9D6A98-BF72-4DB5-AE36-843967239540}.Debug|Any CPU.ActiveCfg = Debug|Any CPU
		{5C9D6A98-BF72-4DB5-AE36-843967239540}.Debug|Any CPU.Build.0 = Debug|Any CPU
		{5C9D6A98-BF72-4DB5-AE36-843967239540}.Release|Any CPU.ActiveCfg = Release|Any CPU
		{5C9D6A98-BF72-4DB5-AE36-843967239540}.Release|Any CPU.Build.0 = Release|Any CPU
		{414C626D-8329-48E7-BD8A-A52B9201F337}.Debug|Any CPU.ActiveCfg = Debug|Any CPU
		{414C626D-8329-48E7-BD8A-A52B9201F337}.Debug|Any CPU.Build.0 = Debug|Any CPU
		{414C626D-8329-48E7-BD8A-A52B9201F337}.Release|Any CPU.ActiveCfg = Release|Any CPU
		{414C626D-8329-48E7-BD8A-A52B9201F337}.Release|Any CPU.Build.0 = Release|Any CPU
		{427012FD-55F8-492D-B6E2-87D2F3FE46D6}.Debug|Any CPU.ActiveCfg = Debug|Any CPU
		{427012FD-55F8-492D-B6E2-87D2F3FE46D6}.Debug|Any CPU.Build.0 = Debug|Any CPU
		{427012FD-55F8-492D-B6E2-87D2F3FE46D6}.Release|Any CPU.ActiveCfg = Release|Any CPU
		{427012FD-55F8-492D-B6E2-87D2F3FE46D6}.Release|Any CPU.Build.0 = Release|Any CPU
		{C75D0D09-F3A8-4762-A150-0602E7A225F9}.Debug|Any CPU.ActiveCfg = Debug|Any CPU
		{C75D0D09-F3A8-4762-A150-0602E7A225F9}.Debug|Any CPU.Build.0 = Debug|Any CPU
		{C75D0D09-F3A8-4762-A150-0602E7A225F9}.Release|Any CPU.ActiveCfg = Release|Any CPU
		{C75D0D09-F3A8-4762-A150-0602E7A225F9}.Release|Any CPU.Build.0 = Release|Any CPU
		{7AE3B991-3932-4C5F-828D-04E8ECDE8FF6}.Debug|Any CPU.ActiveCfg = Debug|Any CPU
		{7AE3B991-3932-4C5F-828D-04E8ECDE8FF6}.Debug|Any CPU.Build.0 = Debug|Any CPU
		{7AE3B991-3932-4C5F-828D-04E8ECDE8FF6}.Release|Any CPU.ActiveCfg = Release|Any CPU
		{7AE3B991-3932-4C5F-828D-04E8ECDE8FF6}.Release|Any CPU.Build.0 = Release|Any CPU
		{D37EB3D8-A1DF-44C9-BB28-C68751311AEA}.Debug|Any CPU.ActiveCfg = Debug|Any CPU
		{D37EB3D8-A1DF-44C9-BB28-C68751311AEA}.Debug|Any CPU.Build.0 = Debug|Any CPU
		{D37EB3D8-A1DF-44C9-BB28-C68751311AEA}.Release|Any CPU.ActiveCfg = Release|Any CPU
		{D37EB3D8-A1DF-44C9-BB28-C68751311AEA}.Release|Any CPU.Build.0 = Release|Any CPU
		{9765F675-1C7B-4C9E-946D-5F366B07B13B}.Debug|Any CPU.ActiveCfg = Debug|Any CPU
		{9765F675-1C7B-4C9E-946D-5F366B07B13B}.Debug|Any CPU.Build.0 = Debug|Any CPU
		{9765F675-1C7B-4C9E-946D-5F366B07B13B}.Release|Any CPU.ActiveCfg = Release|Any CPU
		{9765F675-1C7B-4C9E-946D-5F366B07B13B}.Release|Any CPU.Build.0 = Release|Any CPU
		{CF20BED9-D206-4C5C-A473-93B26D6B9C3B}.Debug|Any CPU.ActiveCfg = Debug|Any CPU
		{CF20BED9-D206-4C5C-A473-93B26D6B9C3B}.Debug|Any CPU.Build.0 = Debug|Any CPU
		{CF20BED9-D206-4C5C-A473-93B26D6B9C3B}.Release|Any CPU.ActiveCfg = Release|Any CPU
		{CF20BED9-D206-4C5C-A473-93B26D6B9C3B}.Release|Any CPU.Build.0 = Release|Any CPU
		{295EEC5E-41C7-4C21-8B80-9A58D5F5FAD4}.Debug|Any CPU.ActiveCfg = Debug|Any CPU
		{295EEC5E-41C7-4C21-8B80-9A58D5F5FAD4}.Debug|Any CPU.Build.0 = Debug|Any CPU
		{295EEC5E-41C7-4C21-8B80-9A58D5F5FAD4}.Release|Any CPU.ActiveCfg = Release|Any CPU
		{295EEC5E-41C7-4C21-8B80-9A58D5F5FAD4}.Release|Any CPU.Build.0 = Release|Any CPU
		{0FEF86F7-AE2A-4EE2-96C6-2EB6F36717DA}.Debug|Any CPU.ActiveCfg = Debug|Any CPU
		{0FEF86F7-AE2A-4EE2-96C6-2EB6F36717DA}.Debug|Any CPU.Build.0 = Debug|Any CPU
		{0FEF86F7-AE2A-4EE2-96C6-2EB6F36717DA}.Release|Any CPU.ActiveCfg = Release|Any CPU
		{0FEF86F7-AE2A-4EE2-96C6-2EB6F36717DA}.Release|Any CPU.Build.0 = Release|Any CPU
		{5B44CFC2-6750-4EF6-A689-6F56A1508656}.Debug|Any CPU.ActiveCfg = Debug|Any CPU
		{5B44CFC2-6750-4EF6-A689-6F56A1508656}.Debug|Any CPU.Build.0 = Debug|Any CPU
		{5B44CFC2-6750-4EF6-A689-6F56A1508656}.Release|Any CPU.ActiveCfg = Release|Any CPU
		{5B44CFC2-6750-4EF6-A689-6F56A1508656}.Release|Any CPU.Build.0 = Release|Any CPU
		{6DA1DADB-9284-46EA-9D80-9A4C121BD4E9}.Debug|Any CPU.ActiveCfg = Debug|Any CPU
		{6DA1DADB-9284-46EA-9D80-9A4C121BD4E9}.Debug|Any CPU.Build.0 = Debug|Any CPU
		{6DA1DADB-9284-46EA-9D80-9A4C121BD4E9}.Release|Any CPU.ActiveCfg = Release|Any CPU
		{6DA1DADB-9284-46EA-9D80-9A4C121BD4E9}.Release|Any CPU.Build.0 = Release|Any CPU
		{8974F87B-A02F-4609-B499-ECF07FC28EFF}.Debug|Any CPU.ActiveCfg = Debug|Any CPU
		{8974F87B-A02F-4609-B499-ECF07FC28EFF}.Debug|Any CPU.Build.0 = Debug|Any CPU
		{8974F87B-A02F-4609-B499-ECF07FC28EFF}.Release|Any CPU.ActiveCfg = Release|Any CPU
		{8974F87B-A02F-4609-B499-ECF07FC28EFF}.Release|Any CPU.Build.0 = Release|Any CPU
		{43234AFC-6647-48A3-AE5D-3D75B958F8F5}.Debug|Any CPU.ActiveCfg = Debug|Any CPU
		{43234AFC-6647-48A3-AE5D-3D75B958F8F5}.Debug|Any CPU.Build.0 = Debug|Any CPU
		{43234AFC-6647-48A3-AE5D-3D75B958F8F5}.Release|Any CPU.ActiveCfg = Release|Any CPU
		{43234AFC-6647-48A3-AE5D-3D75B958F8F5}.Release|Any CPU.Build.0 = Release|Any CPU
		{3AA3A844-9EC3-46A0-B714-50CCE85B313C}.Debug|Any CPU.ActiveCfg = Debug|Any CPU
		{3AA3A844-9EC3-46A0-B714-50CCE85B313C}.Debug|Any CPU.Build.0 = Debug|Any CPU
		{3AA3A844-9EC3-46A0-B714-50CCE85B313C}.Release|Any CPU.ActiveCfg = Release|Any CPU
		{3AA3A844-9EC3-46A0-B714-50CCE85B313C}.Release|Any CPU.Build.0 = Release|Any CPU
		{1565F3CA-5C6B-49D1-8CE3-2C8F8C090C81}.Debug|Any CPU.ActiveCfg = Debug|Any CPU
		{1565F3CA-5C6B-49D1-8CE3-2C8F8C090C81}.Debug|Any CPU.Build.0 = Debug|Any CPU
		{1565F3CA-5C6B-49D1-8CE3-2C8F8C090C81}.Release|Any CPU.ActiveCfg = Release|Any CPU
		{1565F3CA-5C6B-49D1-8CE3-2C8F8C090C81}.Release|Any CPU.Build.0 = Release|Any CPU
		{1224CB87-2EFE-438D-9622-BA06695F0748}.Debug|Any CPU.ActiveCfg = Debug|Any CPU
		{1224CB87-2EFE-438D-9622-BA06695F0748}.Debug|Any CPU.Build.0 = Debug|Any CPU
		{1224CB87-2EFE-438D-9622-BA06695F0748}.Release|Any CPU.ActiveCfg = Release|Any CPU
		{1224CB87-2EFE-438D-9622-BA06695F0748}.Release|Any CPU.Build.0 = Release|Any CPU
		{F58F7CD2-23A6-42EE-B68C-99B2F5258617}.Debug|Any CPU.ActiveCfg = Debug|Any CPU
		{F58F7CD2-23A6-42EE-B68C-99B2F5258617}.Debug|Any CPU.Build.0 = Debug|Any CPU
		{F58F7CD2-23A6-42EE-B68C-99B2F5258617}.Release|Any CPU.ActiveCfg = Release|Any CPU
		{F58F7CD2-23A6-42EE-B68C-99B2F5258617}.Release|Any CPU.Build.0 = Release|Any CPU
		{66EC408E-AB1D-4E25-AF80-51E0563E3AF0}.Debug|Any CPU.ActiveCfg = Debug|Any CPU
		{66EC408E-AB1D-4E25-AF80-51E0563E3AF0}.Debug|Any CPU.Build.0 = Debug|Any CPU
		{66EC408E-AB1D-4E25-AF80-51E0563E3AF0}.Release|Any CPU.ActiveCfg = Release|Any CPU
		{66EC408E-AB1D-4E25-AF80-51E0563E3AF0}.Release|Any CPU.Build.0 = Release|Any CPU
		{D087DDC5-B937-42EB-8AB8-BC54229AF0F2}.Debug|Any CPU.ActiveCfg = Debug|Any CPU
		{D087DDC5-B937-42EB-8AB8-BC54229AF0F2}.Debug|Any CPU.Build.0 = Debug|Any CPU
		{D087DDC5-B937-42EB-8AB8-BC54229AF0F2}.Release|Any CPU.ActiveCfg = Release|Any CPU
		{D087DDC5-B937-42EB-8AB8-BC54229AF0F2}.Release|Any CPU.Build.0 = Release|Any CPU
		{650DC673-25ED-46E7-97DC-0774DDC10998}.Debug|Any CPU.ActiveCfg = Debug|Any CPU
		{650DC673-25ED-46E7-97DC-0774DDC10998}.Debug|Any CPU.Build.0 = Debug|Any CPU
		{650DC673-25ED-46E7-97DC-0774DDC10998}.Release|Any CPU.ActiveCfg = Release|Any CPU
		{650DC673-25ED-46E7-97DC-0774DDC10998}.Release|Any CPU.Build.0 = Release|Any CPU
		{6547B4D8-1C12-47AB-99E1-E4D47572B295}.Debug|Any CPU.ActiveCfg = Debug|Any CPU
		{6547B4D8-1C12-47AB-99E1-E4D47572B295}.Debug|Any CPU.Build.0 = Debug|Any CPU
		{6547B4D8-1C12-47AB-99E1-E4D47572B295}.Release|Any CPU.ActiveCfg = Release|Any CPU
		{6547B4D8-1C12-47AB-99E1-E4D47572B295}.Release|Any CPU.Build.0 = Release|Any CPU
		{A952BB57-6500-4A84-BE9D-812A00C162B3}.Debug|Any CPU.ActiveCfg = Debug|Any CPU
		{A952BB57-6500-4A84-BE9D-812A00C162B3}.Debug|Any CPU.Build.0 = Debug|Any CPU
		{A952BB57-6500-4A84-BE9D-812A00C162B3}.Release|Any CPU.ActiveCfg = Release|Any CPU
		{A952BB57-6500-4A84-BE9D-812A00C162B3}.Release|Any CPU.Build.0 = Release|Any CPU
		{DEAB5CD2-DEC2-4118-91E2-BC4B18DFAB3A}.Debug|Any CPU.ActiveCfg = Debug|Any CPU
		{DEAB5CD2-DEC2-4118-91E2-BC4B18DFAB3A}.Debug|Any CPU.Build.0 = Debug|Any CPU
		{DEAB5CD2-DEC2-4118-91E2-BC4B18DFAB3A}.Release|Any CPU.ActiveCfg = Release|Any CPU
		{DEAB5CD2-DEC2-4118-91E2-BC4B18DFAB3A}.Release|Any CPU.Build.0 = Release|Any CPU
		{2E51BDB4-761B-40C8-92C0-718E065A4AC8}.Debug|Any CPU.ActiveCfg = Debug|Any CPU
		{2E51BDB4-761B-40C8-92C0-718E065A4AC8}.Debug|Any CPU.Build.0 = Debug|Any CPU
		{2E51BDB4-761B-40C8-92C0-718E065A4AC8}.Release|Any CPU.ActiveCfg = Release|Any CPU
		{2E51BDB4-761B-40C8-92C0-718E065A4AC8}.Release|Any CPU.Build.0 = Release|Any CPU
		{DA0C0CAE-EF03-497E-94A2-1509C3CE5FF7}.Debug|Any CPU.ActiveCfg = Debug|Any CPU
		{DA0C0CAE-EF03-497E-94A2-1509C3CE5FF7}.Debug|Any CPU.Build.0 = Debug|Any CPU
		{DA0C0CAE-EF03-497E-94A2-1509C3CE5FF7}.Release|Any CPU.ActiveCfg = Release|Any CPU
		{DA0C0CAE-EF03-497E-94A2-1509C3CE5FF7}.Release|Any CPU.Build.0 = Release|Any CPU
	EndGlobalSection
	GlobalSection(SolutionProperties) = preSolution
		HideSolutionNode = FALSE
	EndGlobalSection
	GlobalSection(ExtensibilityGlobals) = postSolution
		SolutionGuid = {89397BDC-3DBA-4833-83FB-ABFDB7DFBADB}
	EndGlobalSection
EndGlobal
