
Microsoft Visual Studio Solution File, Format Version 12.00
# Visual Studio Version 17
VisualStudioVersion = 17.0.32014.148
MinimumVisualStudioVersion = 10.0.40219.1
Project("{9A19103F-16F7-4668-BE54-9A1E7A4F7556}") = "WebAppForGuests", "WebAppForGuests\WebAppForGuests.csproj", "{5C9D6A98-BF72-4DB5-AE36-843967239540}"
EndProject
Project("{9A19103F-16F7-4668-BE54-9A1E7A4F7556}") = "DbContextProfi", "DbContextProfi\DbContextProfi.csproj", "{414C626D-8329-48E7-BD8A-A52B9201F337}"
EndProject
Project("{9A19103F-16F7-4668-BE54-9A1E7A4F7556}") = "WebAppForAdmins", "WebAppForAdmins\WebAppForAdmins.csproj", "{427012FD-55F8-492D-B6E2-87D2F3FE46D6}"
EndProject
Project("{9A19103F-16F7-4668-BE54-9A1E7A4F7556}") = "ConsoleAppCreateDbProfi", "ConsoleAppCreateDbProfi\ConsoleAppCreateDbProfi.csproj", "{C75D0D09-F3A8-4762-A150-0602E7A225F9}"
EndProject
Project("{9A19103F-16F7-4668-BE54-9A1E7A4F7556}") = "WebAppWebApli", "WebAppWebApli\WebAppWebApli.csproj", "{9D70C4FC-4DCA-447E-BF0A-7A855FD9A0F8}"
EndProject
Project("{9A19103F-16F7-4668-BE54-9A1E7A4F7556}") = "WpfAppForEmployees", "WpfAppForEmployees\WpfAppForEmployees.csproj", "{7AE3B991-3932-4C5F-828D-04E8ECDE8FF6}"
EndProject
Project("{9A19103F-16F7-4668-BE54-9A1E7A4F7556}") = "ServicesApi", "ServicesApi\ServicesApi.csproj", "{E6CBA90A-5476-4935-8FC2-6B21A3B4DCD6}"
EndProject
Project("{9A19103F-16F7-4668-BE54-9A1E7A4F7556}") = "WebAppWebApli.Client", "WebAppWebApli.Client\WebAppWebApli.Client.csproj", "{553D2DC8-5436-44F3-A808-1696E38A7304}"
EndProject
Project("{9A19103F-16F7-4668-BE54-9A1E7A4F7556}") = "WebAppWebApli.Models", "WebAppWebApli.Models\WebAppWebApli.Models.csproj", "{844537D0-0974-4DAB-B30D-66BF7D88EF66}"
EndProject
Project("{FAE04EC0-301F-11D3-BF4B-00C04F79EFBC}") = "WebModels", "WebModels\WebModels.csproj", "{D37EB3D8-A1DF-44C9-BB28-C68751311AEA}"
EndProject
Project("{FAE04EC0-301F-11D3-BF4B-00C04F79EFBC}") = "WpfModels", "WpfModels\WpfModels.csproj", "{9765F675-1C7B-4C9E-946D-5F366B07B13B}"
EndProject
Project("{FAE04EC0-301F-11D3-BF4B-00C04F79EFBC}") = "DataModels", "DataModels\DataModels.csproj", "{CF20BED9-D206-4C5C-A473-93B26D6B9C3B}"
EndProject
Project("{FAE04EC0-301F-11D3-BF4B-00C04F79EFBC}") = "Entities", "Entities\Entities.csproj", "{295EEC5E-41C7-4C21-8B80-9A58D5F5FAD4}"
EndProject
Project("{FAE04EC0-301F-11D3-BF4B-00C04F79EFBC}") = "Enums", "Enums\Enums.csproj", "{0FEF86F7-AE2A-4EE2-96C6-2EB6F36717DA}"
EndProject
Project("{FAE04EC0-301F-11D3-BF4B-00C04F79EFBC}") = "WebServices", "WebServices\WebServices.csproj", "{5B44CFC2-6750-4EF6-A689-6F56A1508656}"
EndProject
Project("{FAE04EC0-301F-11D3-BF4B-00C04F79EFBC}") = "DbRepositories", "DbRepositories\DbRepositories.csproj", "{6DA1DADB-9284-46EA-9D80-9A4C121BD4E9}"
EndProject
Project("{FAE04EC0-301F-11D3-BF4B-00C04F79EFBC}") = "ApiRepositories", "ApiRepositories\ApiRepositories.csproj", "{8974F87B-A02F-4609-B499-ECF07FC28EFF}"
EndProject
Global
	GlobalSection(SolutionConfigurationPlatforms) = preSolution
		Debug|Any CPU = Debug|Any CPU
		Release|Any CPU = Release|Any CPU
	EndGlobalSection
	GlobalSection(ProjectConfigurationPlatforms) = postSolution
		{5C9D6A98-BF72-4DB5-AE36-843967239540}.Debug|Any CPU.ActiveCfg = Debug|Any CPU
		{5C9D6A98-BF72-4DB5-AE36-843967239540}.Debug|Any CPU.Build.0 = Debug|Any CPU
		{5C9D6A98-BF72-4DB5-AE36-843967239540}.Release|Any CPU.ActiveCfg = Release|Any CPU
		{5C9D6A98-BF72-4DB5-AE36-843967239540}.Release|Any CPU.Build.0 = Release|Any CPU
		{414C626D-8329-48E7-BD8A-A52B9201F337}.Debug|Any CPU.ActiveCfg = Debug|Any CPU
		{414C626D-8329-48E7-BD8A-A52B9201F337}.Debug|Any CPU.Build.0 = Debug|Any CPU
		{414C626D-8329-48E7-BD8A-A52B9201F337}.Release|Any CPU.ActiveCfg = Release|Any CPU
		{414C626D-8329-48E7-BD8A-A52B9201F337}.Release|Any CPU.Build.0 = Release|Any CPU
		{427012FD-55F8-492D-B6E2-87D2F3FE46D6}.Debug|Any CPU.ActiveCfg = Debug|Any CPU
		{427012FD-55F8-492D-B6E2-87D2F3FE46D6}.Debug|Any CPU.Build.0 = Debug|Any CPU
		{427012FD-55F8-492D-B6E2-87D2F3FE46D6}.Release|Any CPU.ActiveCfg = Release|Any CPU
		{427012FD-55F8-492D-B6E2-87D2F3FE46D6}.Release|Any CPU.Build.0 = Release|Any CPU
		{C75D0D09-F3A8-4762-A150-0602E7A225F9}.Debug|Any CPU.ActiveCfg = Debug|Any CPU
		{C75D0D09-F3A8-4762-A150-0602E7A225F9}.Debug|Any CPU.Build.0 = Debug|Any CPU
		{C75D0D09-F3A8-4762-A150-0602E7A225F9}.Release|Any CPU.ActiveCfg = Release|Any CPU
		{C75D0D09-F3A8-4762-A150-0602E7A225F9}.Release|Any CPU.Build.0 = Release|Any CPU
		{9D70C4FC-4DCA-447E-BF0A-7A855FD9A0F8}.Debug|Any CPU.ActiveCfg = Debug|Any CPU
		{9D70C4FC-4DCA-447E-BF0A-7A855FD9A0F8}.Debug|Any CPU.Build.0 = Debug|Any CPU
		{9D70C4FC-4DCA-447E-BF0A-7A855FD9A0F8}.Release|Any CPU.ActiveCfg = Release|Any CPU
		{9D70C4FC-4DCA-447E-BF0A-7A855FD9A0F8}.Release|Any CPU.Build.0 = Release|Any CPU
		{7AE3B991-3932-4C5F-828D-04E8ECDE8FF6}.Debug|Any CPU.ActiveCfg = Debug|Any CPU
		{7AE3B991-3932-4C5F-828D-04E8ECDE8FF6}.Debug|Any CPU.Build.0 = Debug|Any CPU
		{7AE3B991-3932-4C5F-828D-04E8ECDE8FF6}.Release|Any CPU.ActiveCfg = Release|Any CPU
		{7AE3B991-3932-4C5F-828D-04E8ECDE8FF6}.Release|Any CPU.Build.0 = Release|Any CPU
		{E6CBA90A-5476-4935-8FC2-6B21A3B4DCD6}.Debug|Any CPU.ActiveCfg = Debug|Any CPU
		{E6CBA90A-5476-4935-8FC2-6B21A3B4DCD6}.Debug|Any CPU.Build.0 = Debug|Any CPU
		{E6CBA90A-5476-4935-8FC2-6B21A3B4DCD6}.Release|Any CPU.ActiveCfg = Release|Any CPU
		{E6CBA90A-5476-4935-8FC2-6B21A3B4DCD6}.Release|Any CPU.Build.0 = Release|Any CPU
		{553D2DC8-5436-44F3-A808-1696E38A7304}.Debug|Any CPU.ActiveCfg = Debug|Any CPU
		{553D2DC8-5436-44F3-A808-1696E38A7304}.Debug|Any CPU.Build.0 = Debug|Any CPU
		{553D2DC8-5436-44F3-A808-1696E38A7304}.Release|Any CPU.ActiveCfg = Release|Any CPU
		{553D2DC8-5436-44F3-A808-1696E38A7304}.Release|Any CPU.Build.0 = Release|Any CPU
		{844537D0-0974-4DAB-B30D-66BF7D88EF66}.Debug|Any CPU.ActiveCfg = Debug|Any CPU
		{844537D0-0974-4DAB-B30D-66BF7D88EF66}.Debug|Any CPU.Build.0 = Debug|Any CPU
		{844537D0-0974-4DAB-B30D-66BF7D88EF66}.Release|Any CPU.ActiveCfg = Release|Any CPU
		{844537D0-0974-4DAB-B30D-66BF7D88EF66}.Release|Any CPU.Build.0 = Release|Any CPU
		{D37EB3D8-A1DF-44C9-BB28-C68751311AEA}.Debug|Any CPU.ActiveCfg = Debug|Any CPU
		{D37EB3D8-A1DF-44C9-BB28-C68751311AEA}.Debug|Any CPU.Build.0 = Debug|Any CPU
		{D37EB3D8-A1DF-44C9-BB28-C68751311AEA}.Release|Any CPU.ActiveCfg = Release|Any CPU
		{D37EB3D8-A1DF-44C9-BB28-C68751311AEA}.Release|Any CPU.Build.0 = Release|Any CPU
		{9765F675-1C7B-4C9E-946D-5F366B07B13B}.Debug|Any CPU.ActiveCfg = Debug|Any CPU
		{9765F675-1C7B-4C9E-946D-5F366B07B13B}.Debug|Any CPU.Build.0 = Debug|Any CPU
		{9765F675-1C7B-4C9E-946D-5F366B07B13B}.Release|Any CPU.ActiveCfg = Release|Any CPU
		{9765F675-1C7B-4C9E-946D-5F366B07B13B}.Release|Any CPU.Build.0 = Release|Any CPU
		{CF20BED9-D206-4C5C-A473-93B26D6B9C3B}.Debug|Any CPU.ActiveCfg = Debug|Any CPU
		{CF20BED9-D206-4C5C-A473-93B26D6B9C3B}.Debug|Any CPU.Build.0 = Debug|Any CPU
		{CF20BED9-D206-4C5C-A473-93B26D6B9C3B}.Release|Any CPU.ActiveCfg = Release|Any CPU
		{CF20BED9-D206-4C5C-A473-93B26D6B9C3B}.Release|Any CPU.Build.0 = Release|Any CPU
		{295EEC5E-41C7-4C21-8B80-9A58D5F5FAD4}.Debug|Any CPU.ActiveCfg = Debug|Any CPU
		{295EEC5E-41C7-4C21-8B80-9A58D5F5FAD4}.Debug|Any CPU.Build.0 = Debug|Any CPU
		{295EEC5E-41C7-4C21-8B80-9A58D5F5FAD4}.Release|Any CPU.ActiveCfg = Release|Any CPU
		{295EEC5E-41C7-4C21-8B80-9A58D5F5FAD4}.Release|Any CPU.Build.0 = Release|Any CPU
		{0FEF86F7-AE2A-4EE2-96C6-2EB6F36717DA}.Debug|Any CPU.ActiveCfg = Debug|Any CPU
		{0FEF86F7-AE2A-4EE2-96C6-2EB6F36717DA}.Debug|Any CPU.Build.0 = Debug|Any CPU
		{0FEF86F7-AE2A-4EE2-96C6-2EB6F36717DA}.Release|Any CPU.ActiveCfg = Release|Any CPU
		{0FEF86F7-AE2A-4EE2-96C6-2EB6F36717DA}.Release|Any CPU.Build.0 = Release|Any CPU
		{5B44CFC2-6750-4EF6-A689-6F56A1508656}.Debug|Any CPU.ActiveCfg = Debug|Any CPU
		{5B44CFC2-6750-4EF6-A689-6F56A1508656}.Debug|Any CPU.Build.0 = Debug|Any CPU
		{5B44CFC2-6750-4EF6-A689-6F56A1508656}.Release|Any CPU.ActiveCfg = Release|Any CPU
		{5B44CFC2-6750-4EF6-A689-6F56A1508656}.Release|Any CPU.Build.0 = Release|Any CPU
		{6DA1DADB-9284-46EA-9D80-9A4C121BD4E9}.Debug|Any CPU.ActiveCfg = Debug|Any CPU
		{6DA1DADB-9284-46EA-9D80-9A4C121BD4E9}.Debug|Any CPU.Build.0 = Debug|Any CPU
		{6DA1DADB-9284-46EA-9D80-9A4C121BD4E9}.Release|Any CPU.ActiveCfg = Release|Any CPU
		{6DA1DADB-9284-46EA-9D80-9A4C121BD4E9}.Release|Any CPU.Build.0 = Release|Any CPU
		{8974F87B-A02F-4609-B499-ECF07FC28EFF}.Debug|Any CPU.ActiveCfg = Debug|Any CPU
		{8974F87B-A02F-4609-B499-ECF07FC28EFF}.Debug|Any CPU.Build.0 = Debug|Any CPU
		{8974F87B-A02F-4609-B499-ECF07FC28EFF}.Release|Any CPU.ActiveCfg = Release|Any CPU
		{8974F87B-A02F-4609-B499-ECF07FC28EFF}.Release|Any CPU.Build.0 = Release|Any CPU
	EndGlobalSection
	GlobalSection(SolutionProperties) = preSolution
		HideSolutionNode = FALSE
	EndGlobalSection
	GlobalSection(ExtensibilityGlobals) = postSolution
		SolutionGuid = {89397BDC-3DBA-4833-83FB-ABFDB7DFBADB}
	EndGlobalSection
EndGlobal
